
Microsoft Visual Studio Solution File, Format Version 12.00
# Visual Studio Version 17
VisualStudioVersion = 17.1.32319.34
MinimumVisualStudioVersion = 10.0.40219.1
Project("{FAE04EC0-301F-11D3-BF4B-00C04F79EFBC}") = "BlazorEcommerce.Server", "BlazorEcommerce\Server\BlazorEcommerce.Server.csproj", "{A5CCD372-1CA5-4653-80D1-D558A92D76E3}"
EndProject
Project("{FAE04EC0-301F-11D3-BF4B-00C04F79EFBC}") = "BlazorEcommerce.Client", "BlazorEcommerce\Client\BlazorEcommerce.Client.csproj", "{96B66AAC-061F-422D-93EF-84B0056693E8}"
EndProject
Project("{FAE04EC0-301F-11D3-BF4B-00C04F79EFBC}") = "BlazorEcommerce.Shared", "BlazorEcommerce\Shared\BlazorEcommerce.Shared.csproj", "{C039EF1F-FF36-4D15-BA2C-E533BEE68173}"
EndProject
Global
	GlobalSection(SolutionConfigurationPlatforms) = preSolution
		Debug|Any CPU = Debug|Any CPU
		Release|Any CPU = Release|Any CPU
	EndGlobalSection
	GlobalSection(ProjectConfigurationPlatforms) = postSolution
		{A5CCD372-1CA5-4653-80D1-D558A92D76E3}.Debug|Any CPU.ActiveCfg = Debug|Any CPU
		{A5CCD372-1CA5-4653-80D1-D558A92D76E3}.Debug|Any CPU.Build.0 = Debug|Any CPU
		{A5CCD372-1CA5-4653-80D1-D558A92D76E3}.Release|Any CPU.ActiveCfg = Release|Any CPU
		{A5CCD372-1CA5-4653-80D1-D558A92D76E3}.Release|Any CPU.Build.0 = Release|Any CPU
		{96B66AAC-061F-422D-93EF-84B0056693E8}.Debug|Any CPU.ActiveCfg = Debug|Any CPU
		{96B66AAC-061F-422D-93EF-84B0056693E8}.Debug|Any CPU.Build.0 = Debug|Any CPU
		{96B66AAC-061F-422D-93EF-84B0056693E8}.Release|Any CPU.ActiveCfg = Release|Any CPU
		{96B66AAC-061F-422D-93EF-84B0056693E8}.Release|Any CPU.Build.0 = Release|Any CPU
		{C039EF1F-FF36-4D15-BA2C-E533BEE68173}.Debug|Any CPU.ActiveCfg = Debug|Any CPU
		{C039EF1F-FF36-4D15-BA2C-E533BEE68173}.Debug|Any CPU.Build.0 = Debug|Any CPU
		{C039EF1F-FF36-4D15-BA2C-E533BEE68173}.Release|Any CPU.ActiveCfg = Release|Any CPU
		{C039EF1F-FF36-4D15-BA2C-E533BEE68173}.Release|Any CPU.Build.0 = Release|Any CPU
	EndGlobalSection
	GlobalSection(SolutionProperties) = preSolution
		HideSolutionNode = FALSE
	EndGlobalSection
	GlobalSection(ExtensibilityGlobals) = postSolution
		SolutionGuid = {DEC1CC19-355C-4EAE-8AF5-ECD8DA97D084}
	EndGlobalSection
EndGlobal
